
Microsoft Visual Studio Solution File, Format Version 12.00
# Visual Studio Version 17
VisualStudioVersion = 17.0.31903.59
MinimumVisualStudioVersion = 10.0.40219.1
Project("{2150E333-8FDC-42A3-9474-1A3956D46DE8}") = "src", "src", "{827E0CD3-B72D-47B6-A68D-7590B98EB39B}"
EndProject
Project("{FAE04EC0-301F-11D3-BF4B-00C04F79EFBC}") = "Operax.Web", "src\Operax.Web\Operax.Web.csproj", "{8F164F73-0292-41FA-9581-0C2A199D9FEC}"
EndProject
Project("{FAE04EC0-301F-11D3-BF4B-00C04F79EFBC}") = "Operax.PrintServer", "src\Operax.PrintServer\Operax.PrintServer.csproj", "{D6AC313F-6296-4591-81D0-6B7B2275DB2C}"
EndProject
Project("{FAE04EC0-301F-11D3-BF4B-00C04F79EFBC}") = "Operax.Tests", "src\Operax.Tests\Operax.Tests.csproj", "{78649CCB-ADD3-4242-9671-DA2663EF4116}"
EndProject
Global
	GlobalSection(SolutionConfigurationPlatforms) = preSolution
		Debug|Any CPU = Debug|Any CPU
		Debug|x64 = Debug|x64
		Debug|x86 = Debug|x86
		Release|Any CPU = Release|Any CPU
		Release|x64 = Release|x64
		Release|x86 = Release|x86
	EndGlobalSection
	GlobalSection(ProjectConfigurationPlatforms) = postSolution
		{8F164F73-0292-41FA-9581-0C2A199D9FEC}.Debug|Any CPU.ActiveCfg = Debug|Any CPU
		{8F164F73-0292-41FA-9581-0C2A199D9FEC}.Debug|Any CPU.Build.0 = Debug|Any CPU
		{8F164F73-0292-41FA-9581-0C2A199D9FEC}.Debug|x64.ActiveCfg = Debug|Any CPU
		{8F164F73-0292-41FA-9581-0C2A199D9FEC}.Debug|x64.Build.0 = Debug|Any CPU
		{8F164F73-0292-41FA-9581-0C2A199D9FEC}.Debug|x86.ActiveCfg = Debug|Any CPU
		{8F164F73-0292-41FA-9581-0C2A199D9FEC}.Debug|x86.Build.0 = Debug|Any CPU
		{8F164F73-0292-41FA-9581-0C2A199D9FEC}.Release|Any CPU.ActiveCfg = Release|Any CPU
		{8F164F73-0292-41FA-9581-0C2A199D9FEC}.Release|Any CPU.Build.0 = Release|Any CPU
		{8F164F73-0292-41FA-9581-0C2A199D9FEC}.Release|x64.ActiveCfg = Release|Any CPU
		{8F164F73-0292-41FA-9581-0C2A199D9FEC}.Release|x64.Build.0 = Release|Any CPU
		{8F164F73-0292-41FA-9581-0C2A199D9FEC}.Release|x86.ActiveCfg = Release|Any CPU
		{8F164F73-0292-41FA-9581-0C2A199D9FEC}.Release|x86.Build.0 = Release|Any CPU
		{D6AC313F-6296-4591-81D0-6B7B2275DB2C}.Debug|Any CPU.ActiveCfg = Debug|Any CPU
		{D6AC313F-6296-4591-81D0-6B7B2275DB2C}.Debug|Any CPU.Build.0 = Debug|Any CPU
		{D6AC313F-6296-4591-81D0-6B7B2275DB2C}.Debug|x64.ActiveCfg = Debug|Any CPU
		{D6AC313F-6296-4591-81D0-6B7B2275DB2C}.Debug|x64.Build.0 = Debug|Any CPU
		{D6AC313F-6296-4591-81D0-6B7B2275DB2C}.Debug|x86.ActiveCfg = Debug|Any CPU
		{D6AC313F-6296-4591-81D0-6B7B2275DB2C}.Debug|x86.Build.0 = Debug|Any CPU
		{D6AC313F-6296-4591-81D0-6B7B2275DB2C}.Release|Any CPU.ActiveCfg = Release|Any CPU
		{D6AC313F-6296-4591-81D0-6B7B2275DB2C}.Release|Any CPU.Build.0 = Release|Any CPU
		{D6AC313F-6296-4591-81D0-6B7B2275DB2C}.Release|x64.ActiveCfg = Release|Any CPU
		{D6AC313F-6296-4591-81D0-6B7B2275DB2C}.Release|x64.Build.0 = Release|Any CPU
		{D6AC313F-6296-4591-81D0-6B7B2275DB2C}.Release|x86.ActiveCfg = Release|Any CPU
		{D6AC313F-6296-4591-81D0-6B7B2275DB2C}.Release|x86.Build.0 = Release|Any CPU
		{78649CCB-ADD3-4242-9671-DA2663EF4116}.Debug|Any CPU.ActiveCfg = Debug|Any CPU
		{78649CCB-ADD3-4242-9671-DA2663EF4116}.Debug|Any CPU.Build.0 = Debug|Any CPU
		{78649CCB-ADD3-4242-9671-DA2663EF4116}.Debug|x64.ActiveCfg = Debug|Any CPU
		{78649CCB-ADD3-4242-9671-DA2663EF4116}.Debug|x64.Build.0 = Debug|Any CPU
		{78649CCB-ADD3-4242-9671-DA2663EF4116}.Debug|x86.ActiveCfg = Debug|Any CPU
		{78649CCB-ADD3-4242-9671-DA2663EF4116}.Debug|x86.Build.0 = Debug|Any CPU
		{78649CCB-ADD3-4242-9671-DA2663EF4116}.Release|Any CPU.ActiveCfg = Release|Any CPU
		{78649CCB-ADD3-4242-9671-DA2663EF4116}.Release|Any CPU.Build.0 = Release|Any CPU
		{78649CCB-ADD3-4242-9671-DA2663EF4116}.Release|x64.ActiveCfg = Release|Any CPU
		{78649CCB-ADD3-4242-9671-DA2663EF4116}.Release|x64.Build.0 = Release|Any CPU
		{78649CCB-ADD3-4242-9671-DA2663EF4116}.Release|x86.ActiveCfg = Release|Any CPU
		{78649CCB-ADD3-4242-9671-DA2663EF4116}.Release|x86.Build.0 = Release|Any CPU
	EndGlobalSection
	GlobalSection(SolutionProperties) = preSolution
		HideSolutionNode = FALSE
	EndGlobalSection
	GlobalSection(NestedProjects) = preSolution
		{8F164F73-0292-41FA-9581-0C2A199D9FEC} = {827E0CD3-B72D-47B6-A68D-7590B98EB39B}
		{D6AC313F-6296-4591-81D0-6B7B2275DB2C} = {827E0CD3-B72D-47B6-A68D-7590B98EB39B}
		{78649CCB-ADD3-4242-9671-DA2663EF4116} = {827E0CD3-B72D-47B6-A68D-7590B98EB39B}
	EndGlobalSection
EndGlobal
